
Microsoft Visual Studio Solution File, Format Version 12.00
# Visual Studio Version 16
VisualStudioVersion = 16.0.30114.105
MinimumVisualStudioVersion = 10.0.40219.1
Project("{FAE04EC0-301F-11D3-BF4B-00C04F79EFBC}") = "API", "API\API.csproj", "{76C65D94-20C0-4431-8416-6B9F3B1985E5}"
EndProject
Project("{FAE04EC0-301F-11D3-BF4B-00C04F79EFBC}") = "Domain", "Domain\Domain.csproj", "{BFA3A469-EB8A-4F41-A997-172B24AAF6A8}"
EndProject
Project("{FAE04EC0-301F-11D3-BF4B-00C04F79EFBC}") = "Application", "Application\Application.csproj", "{3B87ABBC-C36A-4060-8465-5AE2E83BC5CE}"
EndProject
Project("{FAE04EC0-301F-11D3-BF4B-00C04F79EFBC}") = "Persistence", "Persistence\Persistence.csproj", "{C84C8D63-C62C-4170-9510-436FA5ED9392}"
EndProject
Global
	GlobalSection(SolutionConfigurationPlatforms) = preSolution
		Debug|Any CPU = Debug|Any CPU
		Debug|x64 = Debug|x64
		Debug|x86 = Debug|x86
		Release|Any CPU = Release|Any CPU
		Release|x64 = Release|x64
		Release|x86 = Release|x86
	EndGlobalSection
	GlobalSection(SolutionProperties) = preSolution
		HideSolutionNode = FALSE
	EndGlobalSection
	GlobalSection(ProjectConfigurationPlatforms) = postSolution
		{76C65D94-20C0-4431-8416-6B9F3B1985E5}.Debug|Any CPU.ActiveCfg = Debug|Any CPU
		{76C65D94-20C0-4431-8416-6B9F3B1985E5}.Debug|Any CPU.Build.0 = Debug|Any CPU
		{76C65D94-20C0-4431-8416-6B9F3B1985E5}.Debug|x64.ActiveCfg = Debug|Any CPU
		{76C65D94-20C0-4431-8416-6B9F3B1985E5}.Debug|x64.Build.0 = Debug|Any CPU
		{76C65D94-20C0-4431-8416-6B9F3B1985E5}.Debug|x86.ActiveCfg = Debug|Any CPU
		{76C65D94-20C0-4431-8416-6B9F3B1985E5}.Debug|x86.Build.0 = Debug|Any CPU
		{76C65D94-20C0-4431-8416-6B9F3B1985E5}.Release|Any CPU.ActiveCfg = Release|Any CPU
		{76C65D94-20C0-4431-8416-6B9F3B1985E5}.Release|Any CPU.Build.0 = Release|Any CPU
		{76C65D94-20C0-4431-8416-6B9F3B1985E5}.Release|x64.ActiveCfg = Release|Any CPU
		{76C65D94-20C0-4431-8416-6B9F3B1985E5}.Release|x64.Build.0 = Release|Any CPU
		{76C65D94-20C0-4431-8416-6B9F3B1985E5}.Release|x86.ActiveCfg = Release|Any CPU
		{76C65D94-20C0-4431-8416-6B9F3B1985E5}.Release|x86.Build.0 = Release|Any CPU
		{BFA3A469-EB8A-4F41-A997-172B24AAF6A8}.Debug|Any CPU.ActiveCfg = Debug|Any CPU
		{BFA3A469-EB8A-4F41-A997-172B24AAF6A8}.Debug|Any CPU.Build.0 = Debug|Any CPU
		{BFA3A469-EB8A-4F41-A997-172B24AAF6A8}.Debug|x64.ActiveCfg = Debug|Any CPU
		{BFA3A469-EB8A-4F41-A997-172B24AAF6A8}.Debug|x64.Build.0 = Debug|Any CPU
		{BFA3A469-EB8A-4F41-A997-172B24AAF6A8}.Debug|x86.ActiveCfg = Debug|Any CPU
		{BFA3A469-EB8A-4F41-A997-172B24AAF6A8}.Debug|x86.Build.0 = Debug|Any CPU
		{BFA3A469-EB8A-4F41-A997-172B24AAF6A8}.Release|Any CPU.ActiveCfg = Release|Any CPU
		{BFA3A469-EB8A-4F41-A997-172B24AAF6A8}.Release|Any CPU.Build.0 = Release|Any CPU
		{BFA3A469-EB8A-4F41-A997-172B24AAF6A8}.Release|x64.ActiveCfg = Release|Any CPU
		{BFA3A469-EB8A-4F41-A997-172B24AAF6A8}.Release|x64.Build.0 = Release|Any CPU
		{BFA3A469-EB8A-4F41-A997-172B24AAF6A8}.Release|x86.ActiveCfg = Release|Any CPU
		{BFA3A469-EB8A-4F41-A997-172B24AAF6A8}.Release|x86.Build.0 = Release|Any CPU
		{3B87ABBC-C36A-4060-8465-5AE2E83BC5CE}.Debug|Any CPU.ActiveCfg = Debug|Any CPU
		{3B87ABBC-C36A-4060-8465-5AE2E83BC5CE}.Debug|Any CPU.Build.0 = Debug|Any CPU
		{3B87ABBC-C36A-4060-8465-5AE2E83BC5CE}.Debug|x64.ActiveCfg = Debug|Any CPU
		{3B87ABBC-C36A-4060-8465-5AE2E83BC5CE}.Debug|x64.Build.0 = Debug|Any CPU
		{3B87ABBC-C36A-4060-8465-5AE2E83BC5CE}.Debug|x86.ActiveCfg = Debug|Any CPU
		{3B87ABBC-C36A-4060-8465-5AE2E83BC5CE}.Debug|x86.Build.0 = Debug|Any CPU
		{3B87ABBC-C36A-4060-8465-5AE2E83BC5CE}.Release|Any CPU.ActiveCfg = Release|Any CPU
		{3B87ABBC-C36A-4060-8465-5AE2E83BC5CE}.Release|Any CPU.Build.0 = Release|Any CPU
		{3B87ABBC-C36A-4060-8465-5AE2E83BC5CE}.Release|x64.ActiveCfg = Release|Any CPU
		{3B87ABBC-C36A-4060-8465-5AE2E83BC5CE}.Release|x64.Build.0 = Release|Any CPU
		{3B87ABBC-C36A-4060-8465-5AE2E83BC5CE}.Release|x86.ActiveCfg = Release|Any CPU
		{3B87ABBC-C36A-4060-8465-5AE2E83BC5CE}.Release|x86.Build.0 = Release|Any CPU
		{C84C8D63-C62C-4170-9510-436FA5ED9392}.Debug|Any CPU.ActiveCfg = Debug|Any CPU
		{C84C8D63-C62C-4170-9510-436FA5ED9392}.Debug|Any CPU.Build.0 = Debug|Any CPU
		{C84C8D63-C62C-4170-9510-436FA5ED9392}.Debug|x64.ActiveCfg = Debug|Any CPU
		{C84C8D63-C62C-4170-9510-436FA5ED9392}.Debug|x64.Build.0 = Debug|Any CPU
		{C84C8D63-C62C-4170-9510-436FA5ED9392}.Debug|x86.ActiveCfg = Debug|Any CPU
		{C84C8D63-C62C-4170-9510-436FA5ED9392}.Debug|x86.Build.0 = Debug|Any CPU
		{C84C8D63-C62C-4170-9510-436FA5ED9392}.Release|Any CPU.ActiveCfg = Release|Any CPU
		{C84C8D63-C62C-4170-9510-436FA5ED9392}.Release|Any CPU.Build.0 = Release|Any CPU
		{C84C8D63-C62C-4170-9510-436FA5ED9392}.Release|x64.ActiveCfg = Release|Any CPU
		{C84C8D63-C62C-4170-9510-436FA5ED9392}.Release|x64.Build.0 = Release|Any CPU
		{C84C8D63-C62C-4170-9510-436FA5ED9392}.Release|x86.ActiveCfg = Release|Any CPU
		{C84C8D63-C62C-4170-9510-436FA5ED9392}.Release|x86.Build.0 = Release|Any CPU
	EndGlobalSection
EndGlobal
